
Microsoft Visual Studio Solution File, Format Version 12.00
# Visual Studio Version 16
VisualStudioVersion = 16.0.30804.86
MinimumVisualStudioVersion = 10.0.40219.1
Project("{FAE04EC0-301F-11D3-BF4B-00C04F79EFBC}") = "ScaleControllerSpike", "ScaleControllerSpike\ScaleControllerSpike.csproj", "{5D0684EF-8D29-43EC-B516-8CEE553484A9}"
EndProject
Global
	GlobalSection(SolutionConfigurationPlatforms) = preSolution
		Debug|Any CPU = Debug|Any CPU
		Release|Any CPU = Release|Any CPU
	EndGlobalSection
	GlobalSection(ProjectConfigurationPlatforms) = postSolution
		{5D0684EF-8D29-43EC-B516-8CEE553484A9}.Debug|Any CPU.ActiveCfg = Debug|Any CPU
		{5D0684EF-8D29-43EC-B516-8CEE553484A9}.Debug|Any CPU.Build.0 = Debug|Any CPU
		{5D0684EF-8D29-43EC-B516-8CEE553484A9}.Release|Any CPU.ActiveCfg = Release|Any CPU
		{5D0684EF-8D29-43EC-B516-8CEE553484A9}.Release|Any CPU.Build.0 = Release|Any CPU
	EndGlobalSection
	GlobalSection(SolutionProperties) = preSolution
		HideSolutionNode = FALSE
	EndGlobalSection
	GlobalSection(ExtensibilityGlobals) = postSolution
		SolutionGuid = {ED65597E-374B-439C-B1ED-B9A5DBFF87B1}
	EndGlobalSection
EndGlobal
